
Microsoft Visual Studio Solution File, Format Version 12.00
# Visual Studio Version 16
VisualStudioVersion = 16.0.30320.27
MinimumVisualStudioVersion = 10.0.40219.1
Project("{FAE04EC0-301F-11D3-BF4B-00C04F79EFBC}") = "CustomText", "CustomText\CustomText.csproj", "{F77EE3AF-7DF4-44CF-A335-FE53AFCB7A59}"
EndProject
Global
	GlobalSection(SolutionConfigurationPlatforms) = preSolution
		Debug|Any CPU = Debug|Any CPU
		Release|Any CPU = Release|Any CPU
	EndGlobalSection
	GlobalSection(ProjectConfigurationPlatforms) = postSolution
		{F77EE3AF-7DF4-44CF-A335-FE53AFCB7A59}.Debug|Any CPU.ActiveCfg = Debug|Any CPU
		{F77EE3AF-7DF4-44CF-A335-FE53AFCB7A59}.Debug|Any CPU.Build.0 = Debug|Any CPU
		{F77EE3AF-7DF4-44CF-A335-FE53AFCB7A59}.Release|Any CPU.ActiveCfg = Release|Any CPU
		{F77EE3AF-7DF4-44CF-A335-FE53AFCB7A59}.Release|Any CPU.Build.0 = Release|Any CPU
	EndGlobalSection
	GlobalSection(SolutionProperties) = preSolution
		HideSolutionNode = FALSE
	EndGlobalSection
	GlobalSection(ExtensibilityGlobals) = postSolution
		SolutionGuid = {EEABB569-756C-4117-9777-B5DFF6F75D67}
	EndGlobalSection
EndGlobal
